
Microsoft Visual Studio Solution File, Format Version 12.00
# Visual Studio Version 17
VisualStudioVersion = 17.2.32616.157
MinimumVisualStudioVersion = 10.0.40219.1
Project("{FAE04EC0-301F-11D3-BF4B-00C04F79EFBC}") = "Day68Demo", "Day68Demo\Day68Demo.csproj", "{A62F56DD-DDE7-45C9-A8B6-B897C4A2E378}"
EndProject
Project("{FAE04EC0-301F-11D3-BF4B-00C04F79EFBC}") = "EmployeeCrud", "EmployeeCrud\EmployeeCrud.csproj", "{8BF36F97-81E3-44ED-8B75-42A6E58F547E}"
EndProject
Global
	GlobalSection(SolutionConfigurationPlatforms) = preSolution
		Debug|Any CPU = Debug|Any CPU
		Release|Any CPU = Release|Any CPU
	EndGlobalSection
	GlobalSection(ProjectConfigurationPlatforms) = postSolution
		{A62F56DD-DDE7-45C9-A8B6-B897C4A2E378}.Debug|Any CPU.ActiveCfg = Debug|Any CPU
		{A62F56DD-DDE7-45C9-A8B6-B897C4A2E378}.Debug|Any CPU.Build.0 = Debug|Any CPU
		{A62F56DD-DDE7-45C9-A8B6-B897C4A2E378}.Release|Any CPU.ActiveCfg = Release|Any CPU
		{A62F56DD-DDE7-45C9-A8B6-B897C4A2E378}.Release|Any CPU.Build.0 = Release|Any CPU
		{8BF36F97-81E3-44ED-8B75-42A6E58F547E}.Debug|Any CPU.ActiveCfg = Debug|Any CPU
		{8BF36F97-81E3-44ED-8B75-42A6E58F547E}.Debug|Any CPU.Build.0 = Debug|Any CPU
		{8BF36F97-81E3-44ED-8B75-42A6E58F547E}.Release|Any CPU.ActiveCfg = Release|Any CPU
		{8BF36F97-81E3-44ED-8B75-42A6E58F547E}.Release|Any CPU.Build.0 = Release|Any CPU
	EndGlobalSection
	GlobalSection(SolutionProperties) = preSolution
		HideSolutionNode = FALSE
	EndGlobalSection
	GlobalSection(ExtensibilityGlobals) = postSolution
		SolutionGuid = {529F0779-42EB-42CF-BACD-E85A225B8F9F}
	EndGlobalSection
EndGlobal
